
Microsoft Visual Studio Solution File, Format Version 12.00
# Visual Studio Version 17
VisualStudioVersion = 17.5.002.0
MinimumVisualStudioVersion = 10.0.40219.1
Project("{9A19103F-16F7-4668-BE54-9A1E7A4F7556}") = "AppoMobi.Maui.Gestures", "AppoMobi.Maui.Gestures.csproj", "{4737ACD7-56EB-4C5A-809B-78CD72992DE3}"
EndProject
Global
	GlobalSection(SolutionConfigurationPlatforms) = preSolution
		Debug|Any CPU = Debug|Any CPU
		Release|Any CPU = Release|Any CPU
	EndGlobalSection
	GlobalSection(ProjectConfigurationPlatforms) = postSolution
		{4737ACD7-56EB-4C5A-809B-78CD72992DE3}.Debug|Any CPU.ActiveCfg = Debug|Any CPU
		{4737ACD7-56EB-4C5A-809B-78CD72992DE3}.Debug|Any CPU.Build.0 = Debug|Any CPU
		{4737ACD7-56EB-4C5A-809B-78CD72992DE3}.Release|Any CPU.ActiveCfg = Release|Any CPU
		{4737ACD7-56EB-4C5A-809B-78CD72992DE3}.Release|Any CPU.Build.0 = Release|Any CPU
	EndGlobalSection
	GlobalSection(SolutionProperties) = preSolution
		HideSolutionNode = FALSE
	EndGlobalSection
	GlobalSection(ExtensibilityGlobals) = postSolution
		SolutionGuid = {FA20426A-7A84-478B-9542-9E712944E180}
	EndGlobalSection
EndGlobal
